{
  "version": 4,
  "terraform_version": "1.15.8",
  "serial": 68,
  "lineage": "99f92c61-1c63-bd50-91ef-d70240425d9a",
  "outputs": {
    "cloud_events_subscription_id": {
      "value": "wiz-export-audit-logs-sub",
      "type": "string"
    },
    "cloud_events_topic": {
      "value": "projects/clgcporg127-p001/topics/wiz-export-audit-logs",
      "type": "string"
    }
  },
  "resources": [
    {
      "mode": "managed",
      "type": "google_compute_firewall",
      "name": "allow_mongo_from_k8s",
      "provider": "provider[\"registry.terraform.io/hashicorp/google\"]",
      "instances": [
        {
          "schema_version": 1,
          "attributes": {
            "allow": [
              {
                "ports": [
                  "27017"
                ],
                "protocol": "tcp"
              }
            ],
            "creation_timestamp": "2026-07-27T12:41:50.737-07:00",
            "deny": [],
            "description": "",
            "destination_ranges": [],
            "direction": "INGRESS",
            "disabled": false,
            "enable_logging": null,
            "id": "projects/clgcporg127-p001/global/firewalls/wiz-allow-mongo-k8s",
            "log_config": [],
            "name": "wiz-allow-mongo-k8s",
            "network": "https://www.googleapis.com/compute/v1/projects/clgcporg127-p001/global/networks/wiz-exercise-vpc",
            "priority": 1000,
            "project": "clgcporg127-p001",
            "self_link": "https://www.googleapis.com/compute/v1/projects/clgcporg127-p001/global/firewalls/wiz-allow-mongo-k8s",
            "source_ranges": [
              "10.0.2.0/24"
            ],
            "source_service_accounts": [],
            "source_tags": [],
            "target_service_accounts": [],
            "target_tags": [
              "mongodb"
            ],
            "timeouts": null
          },
          "sensitive_attributes": [],
          "identity_schema_version": 0,
          "private": "eyJlMmJmYjczMC1lY2FhLTExZTYtOGY4OC0zNDM2M2JjN2M0YzAiOnsiY3JlYXRlIjoxMjAwMDAwMDAwMDAwLCJkZWxldGUiOjEyMDAwMDAwMDAwMDAsInVwZGF0ZSI6MTIwMDAwMDAwMDAwMH0sInNjaGVtYV92ZXJzaW9uIjoiMSJ9",
          "dependencies": [
            "google_compute_network.wiz_vpc"
          ]
        }
      ]
    },
    {
      "mode": "managed",
      "type": "google_compute_firewall",
      "name": "allow_ssh_public",
      "provider": "provider[\"registry.terraform.io/hashicorp/google\"]",
      "instances": [
        {
          "schema_version": 1,
          "attributes": {
            "allow": [
              {
                "ports": [
                  "22"
                ],
                "protocol": "tcp"
              }
            ],
            "creation_timestamp": "2026-07-27T11:35:18.478-07:00",
            "deny": [],
            "description": "",
            "destination_ranges": [],
            "direction": "INGRESS",
            "disabled": false,
            "enable_logging": null,
            "id": "projects/clgcporg127-p001/global/firewalls/wiz-allow-ssh-public",
            "log_config": [],
            "name": "wiz-allow-ssh-public",
            "network": "https://www.googleapis.com/compute/v1/projects/clgcporg127-p001/global/networks/wiz-exercise-vpc",
            "priority": 1000,
            "project": "clgcporg127-p001",
            "self_link": "https://www.googleapis.com/compute/v1/projects/clgcporg127-p001/global/firewalls/wiz-allow-ssh-public",
            "source_ranges": [
              "0.0.0.0/0"
            ],
            "source_service_accounts": [],
            "source_tags": [],
            "target_service_accounts": [],
            "target_tags": [
              "public-ssh"
            ],
            "timeouts": null
          },
          "sensitive_attributes": [],
          "identity_schema_version": 0,
          "private": "eyJlMmJmYjczMC1lY2FhLTExZTYtOGY4OC0zNDM2M2JjN2M0YzAiOnsiY3JlYXRlIjoxMjAwMDAwMDAwMDAwLCJkZWxldGUiOjEyMDAwMDAwMDAwMDAsInVwZGF0ZSI6MTIwMDAwMDAwMDAwMH0sInNjaGVtYV92ZXJzaW9uIjoiMSJ9",
          "dependencies": [
            "google_compute_network.wiz_vpc"
          ]
        }
      ]
    },
    {
      "mode": "managed",
      "type": "google_compute_instance",
      "name": "vulnerable_vm",
      "provider": "provider[\"registry.terraform.io/hashicorp/google\"]",
      "instances": [
        {
          "schema_version": 6,
          "attributes": {
            "advanced_machine_features": [],
            "allow_stopping_for_update": null,
            "attached_disk": [],
            "boot_disk": [
              {
                "auto_delete": true,
                "device_name": "persistent-disk-0",
                "disk_encryption_key_raw": "",
                "disk_encryption_key_sha256": "",
                "initialize_params": [
                  {
                    "enable_confidential_compute": false,
                    "image": "https://www.googleapis.com/compute/v1/projects/debian-cloud/global/images/debian-11-bullseye-v20260721",
                    "labels": {},
                    "provisioned_iops": 0,
                    "provisioned_throughput": 0,
                    "resource_manager_tags": {},
                    "size": 10,
                    "storage_pool": "",
                    "type": "pd-standard"
                  }
                ],
                "kms_key_self_link": "",
                "mode": "READ_WRITE",
                "source": "https://www.googleapis.com/compute/v1/projects/clgcporg127-p001/zones/us-central1-a/disks/wiz-mongodb-vm"
              }
            ],
            "can_ip_forward": false,
            "confidential_instance_config": [],
            "cpu_platform": "Intel Broadwell",
            "current_status": "RUNNING",
            "deletion_protection": false,
            "description": "",
            "desired_status": null,
            "effective_labels": {},
            "enable_display": false,
            "guest_accelerator": [],
            "hostname": "",
            "id": "projects/clgcporg127-p001/zones/us-central1-a/instances/wiz-mongodb-vm",
            "instance_id": "527316627139200215",
            "label_fingerprint": "42WmSpB8rSM=",
            "labels": {},
            "machine_type": "e2-medium",
            "metadata": {},
            "metadata_fingerprint": "iW_wdzRo9dk=",
            "metadata_startup_script": "#!/bin/bash\n# 1. Install Outdated MongoDB (4.4)\nwget -qO - https://www.mongodb.org/static/pgp/server-4.4.asc | sudo apt-key add -\necho \"deb [ arch=amd64,arm64 ] https://repo.mongodb.org/apt/ubuntu bionic/mongodb-org/4.4 multiverse\" | sudo tee /etc/apt/sources.list.d/mongodb-org-4.4.list\nsudo apt-get update\nsudo apt-get install -y mongodb-org=4.4.29 mongodb-org-server=4.4.29 mongodb-org-shell=4.4.29 mongodb-org-mongos=4.4.29 mongodb-org-tools=4.4.29\n\n# 2. Configure MongoDB to listen on all interfaces and enable authorization\nsudo sed -i 's/bindIp: 127.0.0.1/bindIp: 0.0.0.1/' /etc/mongod.conf\necho -e \"security:\\n  authorization: enabled\" | sudo tee -a /etc/mongod.conf\n    \n# Start MongoDB temporarily without auth to create the admin user\nsudo systemctl start mongod\nsleep 10\nmongo admin --eval 'db.createUser({user: \"admin\", pwd: \"wizpassword123\", roles: [{role: \"userAdminAnyDatabase\", db: \"admin\"}, \"readWriteAnyDatabase\"]})'\n    \n# Restart with auth enabled\nsudo systemctl restart mongod\n\n# 3. Create Daily Backup Script to Public Bucket[cite: 1]\ncat \u003c\u003c 'EOF' \u003e /home/ubuntu/backup.sh\n#!/bin/bash\nTIMESTAMP=$(date +\"%F\")\nmongodump --username admin --password wizpassword123 --authenticationDatabase admin --out /tmp/mongo_backup_$TIMESTAMP\ngsutil cp -r /tmp/mongo_backup_$TIMESTAMP gs://clgcporg127-p001-mongo-backups-public/\nrm -rf /tmp/mongo_backup_$TIMESTAMP\nEOF\n    \nchmod +x /home/ubuntu/backup.sh\n\n# 4. Schedule daily backup via Cron[cite: 1]\n(crontab -l 2\u003e/dev/null; echo \"0 2 * * * /home/ubuntu/backup.sh\") | crontab -\n",
            "min_cpu_platform": "",
            "name": "wiz-mongodb-vm",
            "network_interface": [
              {
                "access_config": [
                  {
                    "nat_ip": "136.116.119.241",
                    "network_tier": "PREMIUM",
                    "public_ptr_domain_name": ""
                  }
                ],
                "alias_ip_range": [],
                "internal_ipv6_prefix_length": 0,
                "ipv6_access_config": [],
                "ipv6_access_type": "",
                "ipv6_address": "",
                "name": "nic0",
                "network": "https://www.googleapis.com/compute/v1/projects/clgcporg127-p001/global/networks/wiz-exercise-vpc",
                "network_ip": "10.0.1.2",
                "nic_type": "",
                "queue_count": 0,
                "stack_type": "IPV4_ONLY",
                "subnetwork": "https://www.googleapis.com/compute/v1/projects/clgcporg127-p001/regions/us-central1/subnetworks/wiz-public-subnet",
                "subnetwork_project": "clgcporg127-p001"
              }
            ],
            "network_performance_config": [],
            "params": [],
            "project": "clgcporg127-p001",
            "reservation_affinity": [],
            "resource_policies": [],
            "scheduling": [
              {
                "automatic_restart": true,
                "instance_termination_action": "",
                "local_ssd_recovery_timeout": [],
                "max_run_duration": [],
                "min_node_cpus": 0,
                "node_affinities": [],
                "on_host_maintenance": "MIGRATE",
                "on_instance_stop_action": [],
                "preemptible": false,
                "provisioning_model": "STANDARD"
              }
            ],
            "scratch_disk": [],
            "self_link": "https://www.googleapis.com/compute/v1/projects/clgcporg127-p001/zones/us-central1-a/instances/wiz-mongodb-vm",
            "service_account": [
              {
                "email": "wiz-vulnerable-vm-sa@clgcporg127-p001.iam.gserviceaccount.com",
                "scopes": [
                  "https://www.googleapis.com/auth/cloud-platform"
                ]
              }
            ],
            "shielded_instance_config": [
              {
                "enable_integrity_monitoring": true,
                "enable_secure_boot": false,
                "enable_vtpm": true
              }
            ],
            "tags": [
              "public-ssh"
            ],
            "tags_fingerprint": "-LRTc09Qp5A=",
            "terraform_labels": {},
            "timeouts": null,
            "zone": "us-central1-a"
          },
          "sensitive_attributes": [
            [
              {
                "type": "get_attr",
                "value": "boot_disk"
              },
              {
                "type": "index",
                "value": {
                  "value": 0,
                  "type": "number"
                }
              },
              {
                "type": "get_attr",
                "value": "disk_encryption_key_raw"
              }
            ]
          ],
          "identity_schema_version": 0,
          "private": "eyJlMmJmYjczMC1lY2FhLTExZTYtOGY4OC0zNDM2M2JjN2M0YzAiOnsiY3JlYXRlIjoxMjAwMDAwMDAwMDAwLCJkZWxldGUiOjEyMDAwMDAwMDAwMDAsInVwZGF0ZSI6MTIwMDAwMDAwMDAwMH0sInNjaGVtYV92ZXJzaW9uIjoiNiJ9",
          "dependencies": [
            "google_compute_network.wiz_vpc",
            "google_compute_subnetwork.public_subnet",
            "google_service_account.overly_permissive_sa"
          ]
        }
      ]
    },
    {
      "mode": "managed",
      "type": "google_compute_network",
      "name": "wiz_vpc",
      "provider": "provider[\"registry.terraform.io/hashicorp/google\"]",
      "instances": [
        {
          "schema_version": 0,
          "attributes": {
            "auto_create_subnetworks": false,
            "delete_default_routes_on_create": false,
            "description": "",
            "enable_ula_internal_ipv6": false,
            "gateway_ipv4": "",
            "id": "projects/clgcporg127-p001/global/networks/wiz-exercise-vpc",
            "internal_ipv6_range": "",
            "mtu": 0,
            "name": "wiz-exercise-vpc",
            "network_firewall_policy_enforcement_order": "AFTER_CLASSIC_FIREWALL",
            "numeric_id": "8513717342348909119",
            "project": "clgcporg127-p001",
            "routing_mode": "REGIONAL",
            "self_link": "https://www.googleapis.com/compute/v1/projects/clgcporg127-p001/global/networks/wiz-exercise-vpc",
            "timeouts": null
          },
          "sensitive_attributes": [],
          "identity_schema_version": 0,
          "private": "eyJlMmJmYjczMC1lY2FhLTExZTYtOGY4OC0zNDM2M2JjN2M0YzAiOnsiY3JlYXRlIjoxMjAwMDAwMDAwMDAwLCJkZWxldGUiOjEyMDAwMDAwMDAwMDAsInVwZGF0ZSI6MTIwMDAwMDAwMDAwMH19"
        }
      ]
    },
    {
      "mode": "managed",
      "type": "google_compute_subnetwork",
      "name": "private_subnet",
      "provider": "provider[\"registry.terraform.io/hashicorp/google\"]",
      "instances": [
        {
          "schema_version": 0,
          "attributes": {
            "creation_timestamp": "2026-07-27T11:35:18.734-07:00",
            "description": "",
            "external_ipv6_prefix": "",
            "fingerprint": null,
            "gateway_address": "10.0.2.1",
            "id": "projects/clgcporg127-p001/regions/us-central1/subnetworks/wiz-private-subnet",
            "internal_ipv6_prefix": "",
            "ip_cidr_range": "10.0.2.0/24",
            "ipv6_access_type": "",
            "ipv6_cidr_range": "",
            "log_config": [],
            "name": "wiz-private-subnet",
            "network": "https://www.googleapis.com/compute/v1/projects/clgcporg127-p001/global/networks/wiz-exercise-vpc",
            "private_ip_google_access": true,
            "private_ipv6_google_access": "DISABLE_GOOGLE_ACCESS",
            "project": "clgcporg127-p001",
            "purpose": "PRIVATE",
            "region": "us-central1",
            "role": "",
            "secondary_ip_range": [
              {
                "ip_cidr_range": "10.168.0.0/14",
                "range_name": "gke-wiz-k8s-cluster-pods-cb621f30"
              }
            ],
            "self_link": "https://www.googleapis.com/compute/v1/projects/clgcporg127-p001/regions/us-central1/subnetworks/wiz-private-subnet",
            "send_secondary_ip_range_if_empty": null,
            "stack_type": "IPV4_ONLY",
            "timeouts": null
          },
          "sensitive_attributes": [],
          "identity_schema_version": 0,
          "private": "eyJlMmJmYjczMC1lY2FhLTExZTYtOGY4OC0zNDM2M2JjN2M0YzAiOnsiY3JlYXRlIjoxMjAwMDAwMDAwMDAwLCJkZWxldGUiOjEyMDAwMDAwMDAwMDAsInVwZGF0ZSI6MTIwMDAwMDAwMDAwMH19",
          "dependencies": [
            "google_compute_network.wiz_vpc"
          ]
        }
      ]
    },
    {
      "mode": "managed",
      "type": "google_compute_subnetwork",
      "name": "public_subnet",
      "provider": "provider[\"registry.terraform.io/hashicorp/google\"]",
      "instances": [
        {
          "schema_version": 0,
          "attributes": {
            "creation_timestamp": "2026-07-27T11:35:18.678-07:00",
            "description": "",
            "external_ipv6_prefix": "",
            "fingerprint": null,
            "gateway_address": "10.0.1.1",
            "id": "projects/clgcporg127-p001/regions/us-central1/subnetworks/wiz-public-subnet",
            "internal_ipv6_prefix": "",
            "ip_cidr_range": "10.0.1.0/24",
            "ipv6_access_type": "",
            "ipv6_cidr_range": "",
            "log_config": [],
            "name": "wiz-public-subnet",
            "network": "https://www.googleapis.com/compute/v1/projects/clgcporg127-p001/global/networks/wiz-exercise-vpc",
            "private_ip_google_access": false,
            "private_ipv6_google_access": "DISABLE_GOOGLE_ACCESS",
            "project": "clgcporg127-p001",
            "purpose": "PRIVATE",
            "region": "us-central1",
            "role": "",
            "secondary_ip_range": [],
            "self_link": "https://www.googleapis.com/compute/v1/projects/clgcporg127-p001/regions/us-central1/subnetworks/wiz-public-subnet",
            "send_secondary_ip_range_if_empty": null,
            "stack_type": "IPV4_ONLY",
            "timeouts": null
          },
          "sensitive_attributes": [],
          "identity_schema_version": 0,
          "private": "eyJlMmJmYjczMC1lY2FhLTExZTYtOGY4OC0zNDM2M2JjN2M0YzAiOnsiY3JlYXRlIjoxMjAwMDAwMDAwMDAwLCJkZWxldGUiOjEyMDAwMDAwMDAwMDAsInVwZGF0ZSI6MTIwMDAwMDAwMDAwMH19",
          "dependencies": [
            "google_compute_network.wiz_vpc"
          ]
        }
      ]
    },
    {
      "mode": "managed",
      "type": "google_container_cluster",
      "name": "primary",
      "provider": "provider[\"registry.terraform.io/hashicorp/google\"]",
      "instances": [
        {
          "schema_version": 2,
          "attributes": {
            "addons_config": [
              {
                "cloudrun_config": [],
                "config_connector_config": [],
                "dns_cache_config": [
                  {
                    "enabled": true
                  }
                ],
                "gce_persistent_disk_csi_driver_config": [
                  {
                    "enabled": true
                  }
                ],
                "gcp_filestore_csi_driver_config": [],
                "gcs_fuse_csi_driver_config": [],
                "gke_backup_agent_config": [],
                "horizontal_pod_autoscaling": [],
                "http_load_balancing": [],
                "network_policy_config": [
                  {
                    "disabled": true
                  }
                ],
                "ray_operator_config": [],
                "stateful_ha_config": []
              }
            ],
            "allow_net_admin": null,
            "authenticator_groups_config": [],
            "binary_authorization": [
              {
                "enabled": false,
                "evaluation_mode": ""
              }
            ],
            "cluster_autoscaling": [
              {
                "auto_provisioning_defaults": [],
                "auto_provisioning_locations": [],
                "autoscaling_profile": "BALANCED",
                "enabled": false,
                "resource_limits": []
              }
            ],
            "cluster_ipv4_cidr": "10.168.0.0/14",
            "confidential_nodes": [],
            "cost_management_config": [],
            "database_encryption": [
              {
                "key_name": "",
                "state": "DECRYPTED"
              }
            ],
            "datapath_provider": "",
            "default_max_pods_per_node": 110,
            "default_snat_status": [
              {
                "disabled": false
              }
            ],
            "deletion_protection": true,
            "description": "",
            "dns_config": [],
            "enable_autopilot": false,
            "enable_cilium_clusterwide_network_policy": false,
            "enable_intranode_visibility": false,
            "enable_k8s_beta_apis": [],
            "enable_kubernetes_alpha": false,
            "enable_l4_ilb_subsetting": false,
            "enable_legacy_abac": false,
            "enable_multi_networking": false,
            "enable_shielded_nodes": true,
            "enable_tpu": false,
            "endpoint": "34.69.118.224",
            "fleet": [],
            "gateway_api_config": [],
            "id": "projects/clgcporg127-p001/locations/us-central1-a/clusters/wiz-k8s-cluster",
            "identity_service_config": [],
            "initial_node_count": 1,
            "ip_allocation_policy": [
              {
                "additional_pod_ranges_config": [],
                "cluster_ipv4_cidr_block": "10.168.0.0/14",
                "cluster_secondary_range_name": "gke-wiz-k8s-cluster-pods-cb621f30",
                "pod_cidr_overprovision_config": [
                  {
                    "disabled": false
                  }
                ],
                "services_ipv4_cidr_block": "34.118.224.0/20",
                "services_secondary_range_name": "",
                "stack_type": "IPV4"
              }
            ],
            "label_fingerprint": "a9dc16a7",
            "location": "us-central1-a",
            "logging_config": [
              {
                "enable_components": [
                  "SYSTEM_COMPONENTS",
                  "WORKLOADS"
                ]
              }
            ],
            "logging_service": "logging.googleapis.com/kubernetes",
            "maintenance_policy": [],
            "master_auth": [
              {
                "client_certificate": "",
                "client_certificate_config": [
                  {
                    "issue_client_certificate": false
                  }
                ],
                "client_key": "",
                "cluster_ca_certificate": "LS0tLS1CRUdJTiBDRVJUSUZJQ0FURS0tLS0tCk1JSUVMRENDQXBTZ0F3SUJBZ0lRVTVEeUsrTG1VQnB0VGhnK0Q3VUdiakFOQmdrcWhraUc5dzBCQVFzRkFEQXYKTVMwd0t3WURWUVFERXlRelpqTXhOR0U1TUMxak9HVmtMVFEzT0dJdE9EUXhPUzFqTVRsaU5UTmpPV05tTTJRdwpJQmNOTWpZd056STNNVGcxTVRBMVdoZ1BNakExTmpBM01Ua3hPVFV4TURWYU1DOHhMVEFyQmdOVkJBTVRKRE5tCk16RTBZVGt3TFdNNFpXUXRORGM0WWkwNE5ERTVMV014T1dJMU0yTTVZMll6WkRDQ0FhSXdEUVlKS29aSWh2Y04KQVFFQkJRQURnZ0dQQURDQ0FZb0NnZ0dCQUtYVEc4M2JuWFFGb0xOUGU1dVVrNm1iSmdCbDhWMHo2am8wWFo0SgpRY1ErWmg4cEJTRCt4cEpUMlVKc1FhdUVJMHp5NUx0OUZRZG55L3EwTURhdVdSbEF1OGpEMEpBc2NpTDlSVWs2Cm9uSHNBVlNHZHcwU0N6VHBWTk9Sd2Q1eHJsUGNLKzVsM1JZT2tKTnN2ZElMN1JRZTJrRDcwWWpXUHB2MDNRK1AKME1UYkRoYTBZUjZ1ZWVZaFNpRnRUNnFVd1F6YkJnWWFxZC9uNm5GYUc5aW02NG1oVXVtZmNoRmJxY08vUkNsQwpoU05nY0pTekY4cWx3VEdUUUg2MEM2TFBsNVhHNitWMmdkcjNMQ0NCYVBrWUlRTWgvdkoyVHY2a000ckFwZkF5CmJDaytOVWtxNHFOaVJxcDAwVmtQSFVoRTB0bkY0eU1zZGtRQW9lb3Nza3lEZ3FZbXdkVm1kdEJKVm9hOHlXSisKR2JUOTh0ZFJEdEUvSHV2N3J5N0wwVWM0dkUrZ2NoWTBxd0hyWFlZT2w5L1hxUVVNdlFsSkYvS2k2M1RVQVZIWAoxVllscWVyZjNHU2lRaDBYTzZka2p1RE9rMDNObkVwR1ZaSnN3YWhIbFNVZERzWWxnY0hBcjhYc0VDY1VWNU9DCnB5TTBnckFmOWJ3NnNqbnhsTlJ4N00vTHpRSURBUUFCbzBJd1FEQU9CZ05WSFE4QkFmOEVCQU1DQWdRd0R3WUQKVlIwVEFRSC9CQVV3QXdFQi96QWRCZ05WSFE0RUZnUVVHd0FwOFFBelpEMFIra1laKzBNeFhMWWNiS1l3RFFZSgpLb1pJaHZjTkFRRUxCUUFEZ2dHQkFGMjFGZFQ0OFN4MDhOOGpkY0dRU05GVGFZNnNMZERySGJ3a3E3NE0rTjdhClJyRERBQ1kvVy9kaVlsRHBYaG80d1lHcXVxU1BucWoxeW5JQ0l2U3R5TzZ2QUpmWndZejFiYk50bEQ3NU1lR0oKRUVtUmNzVTNPR0E3R1ZhMHA0VkszUjNydkprT3U2QnBPT1htZ3JYb05WSU5tV0dyZUZYUHZxb3M1SkxUTkZ3UwpVY0JLNzdIZ0hNUzNUczFRd253R1hiUW1SMkVXZVZXZENDR3ZxSmR5NURmdGVOdkE5aHZ4QWNYQTdsR1ZWYTliCkRKRVRvclFud21IL2VSWHVSU3BtTmVEeFczckdKanhGT21vaGp1WVBuZnBuRCtrNUZMajRTZ3RqbENRbk1LUncKbjE5cFhvS0R4L09PTjJlMWhkd04ydEY2ZFlEMmhrT0VjbmZDWmJab3JlWXQ4MDlwNURBeGFGb0NyeTlwV2ZaYgp2Y0ZrcVMvZlU1ME1GY3lndjk2ZDZSTk83NW9yR0FHWGNScnorTnlNbjkxUTBrdTgxYkZpTVU1Q00rSElKaHR1Clg2QXp0MC9NSW5aQ3phMmpjdVFvK0xDb1FqRzgyZWZyanY4cXNwRm9NUW1yeS83NS9SeGkyQlNaU3pjYnNGM0EKbUUwUVhtaWM5ckI2N2cwVEg4Y3pGdz09Ci0tLS0tRU5EIENFUlRJRklDQVRFLS0tLS0K"
              }
            ],
            "master_authorized_networks_config": [],
            "master_version": "1.35.6-gke.1127000",
            "mesh_certificates": [],
            "min_master_version": null,
            "monitoring_config": [
              {
                "advanced_datapath_observability_config": [
                  {
                    "enable_metrics": false,
                    "enable_relay": false,
                    "relay_mode": "DISABLED"
                  }
                ],
                "enable_components": [
                  "SYSTEM_COMPONENTS",
                  "STORAGE",
                  "HPA",
                  "POD",
                  "DAEMONSET",
                  "DEPLOYMENT",
                  "STATEFULSET",
                  "CADVISOR",
                  "KUBELET",
                  "DCGM",
                  "JOBSET"
                ],
                "managed_prometheus": [
                  {
                    "enabled": true
                  }
                ]
              }
            ],
            "monitoring_service": "monitoring.googleapis.com/kubernetes",
            "name": "wiz-k8s-cluster",
            "network": "projects/clgcporg127-p001/global/networks/wiz-exercise-vpc",
            "network_policy": [
              {
                "enabled": false,
                "provider": "PROVIDER_UNSPECIFIED"
              }
            ],
            "networking_mode": "VPC_NATIVE",
            "node_config": [
              {
                "advanced_machine_features": [],
                "boot_disk_kms_key": "",
                "confidential_nodes": [],
                "containerd_config": [],
                "disk_size_gb": 100,
                "disk_type": "pd-balanced",
                "effective_taints": [],
                "enable_confidential_storage": false,
                "ephemeral_storage_local_ssd_config": [],
                "fast_socket": [],
                "gcfs_config": [],
                "guest_accelerator": [],
                "gvnic": [],
                "host_maintenance_policy": [],
                "image_type": "COS_CONTAINERD",
                "kubelet_config": [
                  {
                    "cpu_cfs_quota": false,
                    "cpu_cfs_quota_period": "",
                    "cpu_manager_policy": "",
                    "insecure_kubelet_readonly_port_enabled": "FALSE",
                    "pod_pids_limit": 0
                  }
                ],
                "labels": {},
                "linux_node_config": [],
                "local_nvme_ssd_block_config": [],
                "local_ssd_count": 0,
                "logging_variant": "DEFAULT",
                "machine_type": "e2-medium",
                "metadata": {
                  "disable-legacy-endpoints": "true"
                },
                "min_cpu_platform": "",
                "node_group": "",
                "oauth_scopes": [
                  "https://www.googleapis.com/auth/devstorage.read_only",
                  "https://www.googleapis.com/auth/logging.write",
                  "https://www.googleapis.com/auth/monitoring",
                  "https://www.googleapis.com/auth/service.management.readonly",
                  "https://www.googleapis.com/auth/servicecontrol",
                  "https://www.googleapis.com/auth/trace.append"
                ],
                "preemptible": false,
                "reservation_affinity": [],
                "resource_labels": {
                  "goog-gke-node-pool-provisioning-model": "on-demand"
                },
                "resource_manager_tags": {},
                "secondary_boot_disks": [],
                "service_account": "default",
                "shielded_instance_config": [
                  {
                    "enable_integrity_monitoring": true,
                    "enable_secure_boot": false
                  }
                ],
                "sole_tenant_config": [],
                "spot": false,
                "tags": [],
                "taint": [],
                "workload_metadata_config": []
              }
            ],
            "node_locations": [],
            "node_pool": [
              {
                "autoscaling": [],
                "initial_node_count": 1,
                "instance_group_urls": [
                  "https://www.googleapis.com/compute/v1/projects/clgcporg127-p001/zones/us-central1-a/instanceGroupManagers/gke-wiz-k8s-cluster-wiz-node-pool-12a3cfa4-grp"
                ],
                "managed_instance_group_urls": [
                  "https://www.googleapis.com/compute/v1/projects/clgcporg127-p001/zones/us-central1-a/instanceGroups/gke-wiz-k8s-cluster-wiz-node-pool-12a3cfa4-grp"
                ],
                "management": [
                  {
                    "auto_repair": true,
                    "auto_upgrade": true
                  }
                ],
                "max_pods_per_node": 110,
                "name": "wiz-node-pool",
                "name_prefix": "",
                "network_config": [
                  {
                    "additional_node_network_configs": [],
                    "additional_pod_network_configs": [],
                    "create_pod_range": false,
                    "enable_private_nodes": true,
                    "network_performance_config": [],
                    "pod_cidr_overprovision_config": [],
                    "pod_ipv4_cidr_block": "10.168.0.0/14",
                    "pod_range": "gke-wiz-k8s-cluster-pods-cb621f30"
                  }
                ],
                "node_config": [
                  {
                    "advanced_machine_features": [],
                    "boot_disk_kms_key": "",
                    "confidential_nodes": [],
                    "containerd_config": [],
                    "disk_size_gb": 100,
                    "disk_type": "pd-balanced",
                    "effective_taints": [],
                    "enable_confidential_storage": false,
                    "ephemeral_storage_local_ssd_config": [],
                    "fast_socket": [],
                    "gcfs_config": [],
                    "guest_accelerator": [],
                    "gvnic": [],
                    "host_maintenance_policy": [],
                    "image_type": "COS_CONTAINERD",
                    "kubelet_config": [
                      {
                        "cpu_cfs_quota": false,
                        "cpu_cfs_quota_period": "",
                        "cpu_manager_policy": "",
                        "insecure_kubelet_readonly_port_enabled": "FALSE",
                        "pod_pids_limit": 0
                      }
                    ],
                    "labels": {},
                    "linux_node_config": [],
                    "local_nvme_ssd_block_config": [],
                    "local_ssd_count": 0,
                    "logging_variant": "DEFAULT",
                    "machine_type": "e2-medium",
                    "metadata": {
                      "disable-legacy-endpoints": "true"
                    },
                    "min_cpu_platform": "",
                    "node_group": "",
                    "oauth_scopes": [
                      "https://www.googleapis.com/auth/devstorage.read_only",
                      "https://www.googleapis.com/auth/logging.write",
                      "https://www.googleapis.com/auth/monitoring",
                      "https://www.googleapis.com/auth/service.management.readonly",
                      "https://www.googleapis.com/auth/servicecontrol",
                      "https://www.googleapis.com/auth/trace.append"
                    ],
                    "preemptible": false,
                    "reservation_affinity": [],
                    "resource_labels": {
                      "goog-gke-node-pool-provisioning-model": "on-demand"
                    },
                    "resource_manager_tags": {},
                    "secondary_boot_disks": [],
                    "service_account": "default",
                    "shielded_instance_config": [
                      {
                        "enable_integrity_monitoring": true,
                        "enable_secure_boot": false
                      }
                    ],
                    "sole_tenant_config": [],
                    "spot": false,
                    "tags": [],
                    "taint": [],
                    "workload_metadata_config": []
                  }
                ],
                "node_count": 1,
                "node_locations": [
                  "us-central1-a"
                ],
                "placement_policy": [],
                "queued_provisioning": [],
                "upgrade_settings": [
                  {
                    "blue_green_settings": [],
                    "max_surge": 1,
                    "max_unavailable": 0,
                    "strategy": "SURGE"
                  }
                ],
                "version": "1.35.6-gke.1127000"
              }
            ],
            "node_pool_auto_config": [
              {
                "network_tags": [],
                "node_kubelet_config": [
                  {
                    "insecure_kubelet_readonly_port_enabled": "FALSE"
                  }
                ],
                "resource_manager_tags": {}
              }
            ],
            "node_pool_defaults": [
              {
                "node_config_defaults": [
                  {
                    "containerd_config": [],
                    "insecure_kubelet_readonly_port_enabled": "FALSE",
                    "logging_variant": "DEFAULT"
                  }
                ]
              }
            ],
            "node_version": "1.35.6-gke.1127000",
            "notification_config": [
              {
                "pubsub": [
                  {
                    "enabled": false,
                    "filter": [],
                    "topic": ""
                  }
                ]
              }
            ],
            "operation": null,
            "private_cluster_config": [
              {
                "enable_private_endpoint": false,
                "enable_private_nodes": true,
                "master_global_access_config": [
                  {
                    "enabled": false
                  }
                ],
                "master_ipv4_cidr_block": "172.16.0.0/28",
                "peering_name": "",
                "private_endpoint": "172.16.0.2",
                "private_endpoint_subnetwork": "",
                "public_endpoint": "34.69.118.224"
              }
            ],
            "private_ipv6_google_access": "",
            "project": "clgcporg127-p001",
            "release_channel": [
              {
                "channel": "REGULAR"
              }
            ],
            "remove_default_node_pool": true,
            "resource_labels": {},
            "resource_usage_export_config": [],
            "security_posture_config": [
              {
                "mode": "BASIC",
                "vulnerability_mode": "VULNERABILITY_MODE_UNSPECIFIED"
              }
            ],
            "self_link": "https://container.googleapis.com/v1/projects/clgcporg127-p001/zones/us-central1-a/clusters/wiz-k8s-cluster",
            "service_external_ips_config": [
              {
                "enabled": false
              }
            ],
            "services_ipv4_cidr": "34.118.224.0/20",
            "subnetwork": "projects/clgcporg127-p001/regions/us-central1/subnetworks/wiz-private-subnet",
            "timeouts": null,
            "tpu_ipv4_cidr_block": "",
            "vertical_pod_autoscaling": [],
            "workload_identity_config": []
          },
          "sensitive_attributes": [
            [
              {
                "type": "get_attr",
                "value": "master_auth"
              },
              {
                "type": "index",
                "value": {
                  "value": 0,
                  "type": "number"
                }
              },
              {
                "type": "get_attr",
                "value": "client_key"
              }
            ]
          ],
          "identity_schema_version": 0,
          "private": "eyJlMmJmYjczMC1lY2FhLTExZTYtOGY4OC0zNDM2M2JjN2M0YzAiOnsiY3JlYXRlIjoyNDAwMDAwMDAwMDAwLCJkZWxldGUiOjI0MDAwMDAwMDAwMDAsInJlYWQiOjI0MDAwMDAwMDAwMDAsInVwZGF0ZSI6MzYwMDAwMDAwMDAwMH0sInNjaGVtYV92ZXJzaW9uIjoiMiJ9",
          "dependencies": [
            "google_compute_network.wiz_vpc",
            "google_compute_subnetwork.private_subnet"
          ]
        }
      ]
    },
    {
      "mode": "managed",
      "type": "google_container_node_pool",
      "name": "primary_nodes",
      "provider": "provider[\"registry.terraform.io/hashicorp/google\"]",
      "instances": [
        {
          "schema_version": 1,
          "attributes": {
            "autoscaling": [],
            "cluster": "wiz-k8s-cluster",
            "id": "projects/clgcporg127-p001/locations/us-central1-a/clusters/wiz-k8s-cluster/nodePools/wiz-node-pool",
            "initial_node_count": 1,
            "instance_group_urls": [
              "https://www.googleapis.com/compute/v1/projects/clgcporg127-p001/zones/us-central1-a/instanceGroupManagers/gke-wiz-k8s-cluster-wiz-node-pool-12a3cfa4-grp"
            ],
            "location": "us-central1-a",
            "managed_instance_group_urls": [
              "https://www.googleapis.com/compute/v1/projects/clgcporg127-p001/zones/us-central1-a/instanceGroups/gke-wiz-k8s-cluster-wiz-node-pool-12a3cfa4-grp"
            ],
            "management": [
              {
                "auto_repair": true,
                "auto_upgrade": true
              }
            ],
            "max_pods_per_node": 110,
            "name": "wiz-node-pool",
            "name_prefix": "",
            "network_config": [
              {
                "additional_node_network_configs": [],
                "additional_pod_network_configs": [],
                "create_pod_range": false,
                "enable_private_nodes": true,
                "network_performance_config": [],
                "pod_cidr_overprovision_config": [],
                "pod_ipv4_cidr_block": "10.168.0.0/14",
                "pod_range": "gke-wiz-k8s-cluster-pods-cb621f30"
              }
            ],
            "node_config": [
              {
                "advanced_machine_features": [],
                "boot_disk_kms_key": "",
                "confidential_nodes": [],
                "containerd_config": [],
                "disk_size_gb": 100,
                "disk_type": "pd-balanced",
                "effective_taints": [],
                "enable_confidential_storage": false,
                "ephemeral_storage_local_ssd_config": [],
                "fast_socket": [],
                "gcfs_config": [],
                "guest_accelerator": [],
                "gvnic": [],
                "host_maintenance_policy": [],
                "image_type": "COS_CONTAINERD",
                "kubelet_config": [
                  {
                    "cpu_cfs_quota": false,
                    "cpu_cfs_quota_period": "",
                    "cpu_manager_policy": "",
                    "insecure_kubelet_readonly_port_enabled": "FALSE",
                    "pod_pids_limit": 0
                  }
                ],
                "labels": {},
                "linux_node_config": [],
                "local_nvme_ssd_block_config": [],
                "local_ssd_count": 0,
                "logging_variant": "DEFAULT",
                "machine_type": "e2-medium",
                "metadata": {
                  "disable-legacy-endpoints": "true"
                },
                "min_cpu_platform": "",
                "node_group": "",
                "oauth_scopes": [
                  "https://www.googleapis.com/auth/devstorage.read_only",
                  "https://www.googleapis.com/auth/logging.write",
                  "https://www.googleapis.com/auth/monitoring",
                  "https://www.googleapis.com/auth/service.management.readonly",
                  "https://www.googleapis.com/auth/servicecontrol",
                  "https://www.googleapis.com/auth/trace.append"
                ],
                "preemptible": false,
                "reservation_affinity": [],
                "resource_labels": {
                  "goog-gke-node-pool-provisioning-model": "on-demand"
                },
                "resource_manager_tags": {},
                "secondary_boot_disks": [],
                "service_account": "default",
                "shielded_instance_config": [
                  {
                    "enable_integrity_monitoring": true,
                    "enable_secure_boot": false
                  }
                ],
                "sole_tenant_config": [],
                "spot": false,
                "tags": [],
                "taint": [],
                "workload_metadata_config": []
              }
            ],
            "node_count": 1,
            "node_locations": [
              "us-central1-a"
            ],
            "operation": null,
            "placement_policy": [],
            "project": "clgcporg127-p001",
            "queued_provisioning": [],
            "timeouts": null,
            "upgrade_settings": [
              {
                "blue_green_settings": [],
                "max_surge": 1,
                "max_unavailable": 0,
                "strategy": "SURGE"
              }
            ],
            "version": "1.35.6-gke.1127000"
          },
          "sensitive_attributes": [],
          "identity_schema_version": 0,
          "private": "eyJlMmJmYjczMC1lY2FhLTExZTYtOGY4OC0zNDM2M2JjN2M0YzAiOnsiY3JlYXRlIjoxODAwMDAwMDAwMDAwLCJkZWxldGUiOjE4MDAwMDAwMDAwMDAsInVwZGF0ZSI6MTgwMDAwMDAwMDAwMH0sInNjaGVtYV92ZXJzaW9uIjoiMSJ9",
          "dependencies": [
            "google_compute_network.wiz_vpc",
            "google_compute_subnetwork.private_subnet",
            "google_container_cluster.primary"
          ]
        }
      ]
    },
    {
      "mode": "managed",
      "type": "google_project_iam_member",
      "name": "compute_admin",
      "provider": "provider[\"registry.terraform.io/hashicorp/google\"]",
      "instances": [
        {
          "schema_version": 0,
          "attributes": {
            "condition": [],
            "etag": "BwZXxzRUbAs=",
            "id": "clgcporg127-p001/roles/compute.admin/serviceAccount:wiz-vulnerable-vm-sa@clgcporg127-p001.iam.gserviceaccount.com",
            "member": "serviceAccount:wiz-vulnerable-vm-sa@clgcporg127-p001.iam.gserviceaccount.com",
            "project": "clgcporg127-p001",
            "role": "roles/compute.admin"
          },
          "sensitive_attributes": [],
          "identity_schema_version": 0,
          "private": "bnVsbA==",
          "dependencies": [
            "google_service_account.overly_permissive_sa"
          ]
        }
      ]
    },
    {
      "mode": "managed",
      "type": "google_service_account",
      "name": "overly_permissive_sa",
      "provider": "provider[\"registry.terraform.io/hashicorp/google\"]",
      "instances": [
        {
          "schema_version": 0,
          "attributes": {
            "account_id": "wiz-vulnerable-vm-sa",
            "create_ignore_already_exists": null,
            "description": "",
            "disabled": false,
            "display_name": "Vulnerable VM Service Account",
            "email": "wiz-vulnerable-vm-sa@clgcporg127-p001.iam.gserviceaccount.com",
            "id": "projects/clgcporg127-p001/serviceAccounts/wiz-vulnerable-vm-sa@clgcporg127-p001.iam.gserviceaccount.com",
            "member": "serviceAccount:wiz-vulnerable-vm-sa@clgcporg127-p001.iam.gserviceaccount.com",
            "name": "projects/clgcporg127-p001/serviceAccounts/wiz-vulnerable-vm-sa@clgcporg127-p001.iam.gserviceaccount.com",
            "project": "clgcporg127-p001",
            "timeouts": null,
            "unique_id": "108182761073372577305"
          },
          "sensitive_attributes": [],
          "identity_schema_version": 0,
          "private": "eyJlMmJmYjczMC1lY2FhLTExZTYtOGY4OC0zNDM2M2JjN2M0YzAiOnsiY3JlYXRlIjozMDAwMDAwMDAwMDB9fQ=="
        }
      ]
    },
    {
      "mode": "managed",
      "type": "google_storage_bucket",
      "name": "mongo_backups",
      "provider": "provider[\"registry.terraform.io/hashicorp/google\"]",
      "instances": [
        {
          "schema_version": 2,
          "attributes": {
            "autoclass": [],
            "cors": [],
            "custom_placement_config": [],
            "default_event_based_hold": false,
            "effective_labels": {},
            "enable_object_retention": false,
            "encryption": [],
            "force_destroy": true,
            "id": "clgcporg127-p001-mongo-backups-public",
            "labels": {},
            "lifecycle_rule": [],
            "location": "US",
            "logging": [],
            "name": "clgcporg127-p001-mongo-backups-public",
            "project": "clgcporg127-p001",
            "project_number": 485384084393,
            "public_access_prevention": "inherited",
            "requester_pays": false,
            "retention_policy": [],
            "rpo": "DEFAULT",
            "self_link": "https://www.googleapis.com/storage/v1/b/clgcporg127-p001-mongo-backups-public",
            "soft_delete_policy": [
              {
                "effective_time": "2026-07-27T19:33:51.254Z",
                "retention_duration_seconds": 604800
              }
            ],
            "storage_class": "STANDARD",
            "terraform_labels": {},
            "timeouts": null,
            "uniform_bucket_level_access": true,
            "url": "gs://clgcporg127-p001-mongo-backups-public",
            "versioning": [],
            "website": []
          },
          "sensitive_attributes": [],
          "identity_schema_version": 0,
          "private": "eyJlMmJmYjczMC1lY2FhLTExZTYtOGY4OC0zNDM2M2JjN2M0YzAiOnsiY3JlYXRlIjo2MDAwMDAwMDAwMDAsInJlYWQiOjI0MDAwMDAwMDAwMCwidXBkYXRlIjoyNDAwMDAwMDAwMDB9LCJzY2hlbWFfdmVyc2lvbiI6IjIifQ=="
        }
      ]
    },
    {
      "mode": "managed",
      "type": "google_storage_bucket_iam_binding",
      "name": "public_read",
      "provider": "provider[\"registry.terraform.io/hashicorp/google\"]",
      "instances": [
        {
          "schema_version": 0,
          "attributes": {
            "bucket": "b/clgcporg127-p001-mongo-backups-public",
            "condition": [],
            "etag": "CAI=",
            "id": "b/clgcporg127-p001-mongo-backups-public/roles/storage.objectViewer",
            "members": [
              "allUsers"
            ],
            "role": "roles/storage.objectViewer"
          },
          "sensitive_attributes": [],
          "identity_schema_version": 0,
          "private": "bnVsbA==",
          "dependencies": [
            "google_storage_bucket.mongo_backups"
          ]
        }
      ]
    },
    {
      "module": "module.wiz",
      "mode": "managed",
      "type": "google_project_iam_custom_role",
      "name": "shadow_data",
      "provider": "provider[\"registry.terraform.io/hashicorp/google\"]",
      "instances": [
        {
          "index_key": "wiz_security_role_shadow_data_bucket_ext",
          "schema_version": 0,
          "attributes": {
            "deleted": false,
            "description": "",
            "id": "projects/clgcporg127-p001/roles/wiz_security_role_shadow_data_bucket_ext",
            "name": "projects/clgcporg127-p001/roles/wiz_security_role_shadow_data_bucket_ext",
            "permissions": [
              "storage.buckets.create",
              "storage.buckets.delete",
              "storage.buckets.get",
              "storage.buckets.update",
              "storage.objects.create",
              "storage.objects.delete",
              "storage.objects.get",
              "storage.objects.list"
            ],
            "project": "clgcporg127-p001",
            "role_id": "wiz_security_role_shadow_data_bucket_ext",
            "stage": "GA",
            "title": "wiz_security_role_shadow_data_bucket_ext"
          },
          "sensitive_attributes": [],
          "identity_schema_version": 0,
          "private": "bnVsbA==",
          "dependencies": [
            "module.wiz.google_project_service.required_apis",
            "module.wiz.time_sleep.required_apis"
          ]
        },
        {
          "index_key": "wiz_security_role_shadow_data_ext",
          "schema_version": 0,
          "attributes": {
            "deleted": false,
            "description": "",
            "id": "projects/clgcporg127-p001/roles/wiz_security_role_shadow_data_ext",
            "name": "projects/clgcporg127-p001/roles/wiz_security_role_shadow_data_ext",
            "permissions": [
              "storage.buckets.get",
              "storage.buckets.getObjectInsights",
              "storage.objects.list",
              "storageinsights.reportConfigs.create",
              "storageinsights.reportConfigs.delete",
              "storageinsights.reportConfigs.get",
              "storageinsights.reportConfigs.list",
              "storageinsights.reportConfigs.update",
              "storageinsights.reportDetails.get",
              "storageinsights.reportDetails.list"
            ],
            "project": "clgcporg127-p001",
            "role_id": "wiz_security_role_shadow_data_ext",
            "stage": "GA",
            "title": "wiz_security_role_shadow_data_ext"
          },
          "sensitive_attributes": [],
          "identity_schema_version": 0,
          "private": "bnVsbA==",
          "dependencies": [
            "module.wiz.google_project_service.required_apis",
            "module.wiz.time_sleep.required_apis"
          ]
        },
        {
          "index_key": "wiz_security_role_shadow_data_service_agent_read_ext",
          "schema_version": 0,
          "attributes": {
            "deleted": false,
            "description": "",
            "id": "projects/clgcporg127-p001/roles/wiz_security_role_shadow_data_service_agent_read_ext",
            "name": "projects/clgcporg127-p001/roles/wiz_security_role_shadow_data_service_agent_read_ext",
            "permissions": [
              "resourcemanager.projects.get",
              "storage.buckets.get",
              "storage.buckets.getObjectInsights"
            ],
            "project": "clgcporg127-p001",
            "role_id": "wiz_security_role_shadow_data_service_agent_read_ext",
            "stage": "GA",
            "title": "wiz_security_role_shadow_data_service_agent_read_ext"
          },
          "sensitive_attributes": [],
          "identity_schema_version": 0,
          "private": "bnVsbA==",
          "dependencies": [
            "module.wiz.google_project_service.required_apis",
            "module.wiz.time_sleep.required_apis"
          ]
        },
        {
          "index_key": "wiz_security_role_shadow_data_service_agent_write_ext",
          "schema_version": 0,
          "attributes": {
            "deleted": false,
            "description": "",
            "id": "projects/clgcporg127-p001/roles/wiz_security_role_shadow_data_service_agent_write_ext",
            "name": "projects/clgcporg127-p001/roles/wiz_security_role_shadow_data_service_agent_write_ext",
            "permissions": [
              "storage.folders.create",
              "storage.managedFolders.create",
              "storage.multipartUploads.abort",
              "storage.multipartUploads.create",
              "storage.multipartUploads.listParts",
              "storage.objects.create"
            ],
            "project": "clgcporg127-p001",
            "role_id": "wiz_security_role_shadow_data_service_agent_write_ext",
            "stage": "GA",
            "title": "wiz_security_role_shadow_data_service_agent_write_ext"
          },
          "sensitive_attributes": [],
          "identity_schema_version": 0,
          "private": "bnVsbA==",
          "dependencies": [
            "module.wiz.google_project_service.required_apis",
            "module.wiz.time_sleep.required_apis"
          ]
        }
      ]
    },
    {
      "module": "module.wiz",
      "mode": "managed",
      "type": "google_project_iam_custom_role",
      "name": "wiz_security_role",
      "provider": "provider[\"registry.terraform.io/hashicorp/google\"]",
      "instances": [
        {
          "schema_version": 0,
          "attributes": {
            "deleted": false,
            "description": "",
            "id": "projects/clgcporg127-p001/roles/wiz_security_role",
            "name": "projects/clgcporg127-p001/roles/wiz_security_role",
            "permissions": [
              "clientauthconfig.clients.listWithSecrets",
              "container.secrets.list",
              "firebaserules.rulesets.get",
              "firebaserules.rulesets.list",
              "storage.buckets.get",
              "storage.objects.get"
            ],
            "project": "clgcporg127-p001",
            "role_id": "wiz_security_role",
            "stage": "GA",
            "title": "wiz_security_role"
          },
          "sensitive_attributes": [],
          "identity_schema_version": 0,
          "private": "bnVsbA=="
        }
      ]
    },
    {
      "module": "module.wiz",
      "mode": "managed",
      "type": "google_project_iam_custom_role",
      "name": "wiz_security_role_data_scanning_ext",
      "provider": "provider[\"registry.terraform.io/hashicorp/google\"]",
      "instances": [
        {
          "index_key": 0,
          "schema_version": 0,
          "attributes": {
            "deleted": false,
            "description": "",
            "id": "projects/clgcporg127-p001/roles/wiz_security_role_data_scanning_ext",
            "name": "projects/clgcporg127-p001/roles/wiz_security_role_data_scanning_ext",
            "permissions": [
              "alloydb.backups.create",
              "alloydb.backups.delete",
              "alloydb.backups.get",
              "alloydb.backups.list",
              "alloydb.clusters.get",
              "bigquery.jobs.create",
              "bigquery.tables.get",
              "bigquery.tables.getData",
              "bigquery.tables.list",
              "cloudsql.backupRuns.create",
              "cloudsql.backupRuns.delete",
              "cloudsql.backupRuns.get",
              "cloudsql.backupRuns.list",
              "cloudsql.instances.get",
              "cloudsql.instances.list",
              "storage.buckets.getObjectInsights",
              "storage.objects.get",
              "storage.objects.list",
              "storageinsights.reportConfigs.create",
              "storageinsights.reportConfigs.get",
              "storageinsights.reportConfigs.list",
              "storageinsights.reportDetails.get",
              "storageinsights.reportDetails.list"
            ],
            "project": "clgcporg127-p001",
            "role_id": "wiz_security_role_data_scanning_ext",
            "stage": "GA",
            "title": "wiz_security_role_data_scanning_ext"
          },
          "sensitive_attributes": [],
          "identity_schema_version": 0,
          "private": "bnVsbA=="
        }
      ]
    },
    {
      "module": "module.wiz",
      "mode": "managed",
      "type": "google_project_iam_custom_role",
      "name": "wiz_security_role_disk_analysis_ext",
      "provider": "provider[\"registry.terraform.io/hashicorp/google\"]",
      "instances": [
        {
          "schema_version": 0,
          "attributes": {
            "deleted": false,
            "description": "",
            "id": "projects/clgcporg127-p001/roles/wiz_security_role_disk_analysis_ext",
            "name": "projects/clgcporg127-p001/roles/wiz_security_role_disk_analysis_ext",
            "permissions": [
              "compute.disks.get",
              "compute.disks.useReadOnly",
              "compute.globalOperations.get",
              "compute.images.get",
              "compute.images.getIamPolicy",
              "compute.images.list",
              "compute.images.useReadOnly",
              "compute.snapshots.get",
              "compute.snapshots.list"
            ],
            "project": "clgcporg127-p001",
            "role_id": "wiz_security_role_disk_analysis_ext",
            "stage": "GA",
            "title": "wiz_security_role_disk_analysis_ext"
          },
          "sensitive_attributes": [],
          "identity_schema_version": 0,
          "private": "bnVsbA==",
          "dependencies": [
            "module.wiz.google_project_service.required_apis",
            "module.wiz.time_sleep.required_apis"
          ]
        }
      ]
    },
    {
      "module": "module.wiz",
      "mode": "managed",
      "type": "google_project_iam_custom_role",
      "name": "wiz_security_role_forensic_ext",
      "provider": "provider[\"registry.terraform.io/hashicorp/google\"]",
      "instances": [
        {
          "index_key": 0,
          "schema_version": 0,
          "attributes": {
            "deleted": false,
            "description": "",
            "id": "projects/clgcporg127-p001/roles/wiz_security_role_forensic_ext",
            "name": "projects/clgcporg127-p001/roles/wiz_security_role_forensic_ext",
            "permissions": [
              "compute.disks.createSnapshot",
              "compute.snapshots.create",
              "compute.snapshots.delete",
              "compute.snapshots.setLabels",
              "compute.snapshots.useReadOnly"
            ],
            "project": "clgcporg127-p001",
            "role_id": "wiz_security_role_forensic_ext",
            "stage": "GA",
            "title": "wiz_security_role_forensic_ext"
          },
          "sensitive_attributes": [],
          "identity_schema_version": 0,
          "private": "bnVsbA=="
        }
      ]
    },
    {
      "module": "module.wiz",
      "mode": "managed",
      "type": "google_project_iam_custom_role",
      "name": "wiz_security_role_registry_scanning_ext",
      "provider": "provider[\"registry.terraform.io/hashicorp/google\"]",
      "instances": [
        {
          "schema_version": 0,
          "attributes": {
            "deleted": false,
            "description": "",
            "id": "projects/clgcporg127-p001/roles/wiz_security_role_registry_scanning_ext",
            "name": "projects/clgcporg127-p001/roles/wiz_security_role_registry_scanning_ext",
            "permissions": [
              "artifactregistry.repositories.downloadArtifacts",
              "storage.objects.get"
            ],
            "project": "clgcporg127-p001",
            "role_id": "wiz_security_role_registry_scanning_ext",
            "stage": "GA",
            "title": "wiz_security_role_registry_scanning_ext"
          },
          "sensitive_attributes": [],
          "identity_schema_version": 0,
          "private": "bnVsbA=="
        }
      ]
    },
    {
      "module": "module.wiz",
      "mode": "managed",
      "type": "google_project_iam_custom_role",
      "name": "wiz_security_role_serverless_scanning_ext",
      "provider": "provider[\"registry.terraform.io/hashicorp/google\"]",
      "instances": [
        {
          "index_key": 0,
          "schema_version": 0,
          "attributes": {
            "deleted": false,
            "description": "",
            "id": "projects/clgcporg127-p001/roles/wiz_security_role_serverless_scanning_ext",
            "name": "projects/clgcporg127-p001/roles/wiz_security_role_serverless_scanning_ext",
            "permissions": [
              "artifactregistry.repositories.downloadArtifacts",
              "artifactregistry.repositories.get",
              "cloudfunctions.functions.get",
              "cloudfunctions.functions.sourceCodeGet",
              "run.revisions.get",
              "storage.objects.get",
              "storage.objects.list"
            ],
            "project": "clgcporg127-p001",
            "role_id": "wiz_security_role_serverless_scanning_ext",
            "stage": "GA",
            "title": "wiz_security_role_serverless_scanning_ext"
          },
          "sensitive_attributes": [],
          "identity_schema_version": 0,
          "private": "bnVsbA=="
        }
      ]
    },
    {
      "module": "module.wiz",
      "mode": "managed",
      "type": "google_project_iam_custom_role",
      "name": "wiz_security_role_terraform_bucket_scanning_ext",
      "provider": "provider[\"registry.terraform.io/hashicorp/google\"]",
      "instances": [
        {
          "index_key": 0,
          "schema_version": 0,
          "attributes": {
            "deleted": false,
            "description": "",
            "id": "projects/clgcporg127-p001/roles/wiz_security_role_terraform_scanning_ext",
            "name": "projects/clgcporg127-p001/roles/wiz_security_role_terraform_scanning_ext",
            "permissions": [
              "storage.buckets.get",
              "storage.objects.get",
              "storage.objects.list"
            ],
            "project": "clgcporg127-p001",
            "role_id": "wiz_security_role_terraform_scanning_ext",
            "stage": "GA",
            "title": "wiz_security_role_terraform_scanning_ext"
          },
          "sensitive_attributes": [],
          "identity_schema_version": 0,
          "private": "bnVsbA=="
        }
      ]
    },
    {
      "module": "module.wiz",
      "mode": "managed",
      "type": "google_project_iam_member",
      "name": "disk_analysis_roles",
      "provider": "provider[\"registry.terraform.io/hashicorp/google\"]",
      "instances": [
        {
          "index_key": "cloudkms_cryptoKeyEncrypterDecrypter",
          "schema_version": 0,
          "attributes": {
            "condition": [],
            "etag": "BwZXxzRUbAs=",
            "id": "clgcporg127-p001/roles/cloudkms.cryptoKeyEncrypterDecrypter/serviceAccount:wiz589ba918d1d9691dac0a64c7fd7@aw-fedramp-us1.iam.gserviceaccount.com",
            "member": "serviceAccount:wiz589ba918d1d9691dac0a64c7fd7@aw-fedramp-us1.iam.gserviceaccount.com",
            "project": "clgcporg127-p001",
            "role": "roles/cloudkms.cryptoKeyEncrypterDecrypter"
          },
          "sensitive_attributes": [],
          "identity_schema_version": 0,
          "private": "bnVsbA==",
          "dependencies": [
            "module.wiz.google_project_service.required_apis",
            "module.wiz.google_service_account.wiz-service-account",
            "module.wiz.time_sleep.required_apis"
          ]
        }
      ]
    },
    {
      "module": "module.wiz",
      "mode": "managed",
      "type": "google_project_iam_member",
      "name": "fetcher_roles",
      "provider": "provider[\"registry.terraform.io/hashicorp/google\"]",
      "instances": [
        {
          "index_key": "browser",
          "schema_version": 0,
          "attributes": {
            "condition": [],
            "etag": "BwZXxzRUbAs=",
            "id": "clgcporg127-p001/roles/browser/serviceAccount:wiz589ba918d1d9691dac0a64c7fd7@aw-fedramp-us1.iam.gserviceaccount.com",
            "member": "serviceAccount:wiz589ba918d1d9691dac0a64c7fd7@aw-fedramp-us1.iam.gserviceaccount.com",
            "project": "clgcporg127-p001",
            "role": "roles/browser"
          },
          "sensitive_attributes": [],
          "identity_schema_version": 0,
          "private": "bnVsbA==",
          "dependencies": [
            "module.wiz.google_project_iam_custom_role.wiz_security_role",
            "module.wiz.google_project_service.required_apis",
            "module.wiz.google_service_account.wiz-service-account",
            "module.wiz.time_sleep.required_apis"
          ]
        },
        {
          "index_key": "cloudasset_viewer",
          "schema_version": 0,
          "attributes": {
            "condition": [],
            "etag": "BwZXxzRUbAs=",
            "id": "clgcporg127-p001/roles/cloudasset.viewer/serviceAccount:wiz589ba918d1d9691dac0a64c7fd7@aw-fedramp-us1.iam.gserviceaccount.com",
            "member": "serviceAccount:wiz589ba918d1d9691dac0a64c7fd7@aw-fedramp-us1.iam.gserviceaccount.com",
            "project": "clgcporg127-p001",
            "role": "roles/cloudasset.viewer"
          },
          "sensitive_attributes": [],
          "identity_schema_version": 0,
          "private": "bnVsbA==",
          "dependencies": [
            "module.wiz.google_project_iam_custom_role.wiz_security_role",
            "module.wiz.google_project_service.required_apis",
            "module.wiz.google_service_account.wiz-service-account",
            "module.wiz.time_sleep.required_apis"
          ]
        },
        {
          "index_key": "iam_securityReviewer",
          "schema_version": 0,
          "attributes": {
            "condition": [],
            "etag": "BwZXxzRUbAs=",
            "id": "clgcporg127-p001/roles/iam.securityReviewer/serviceAccount:wiz589ba918d1d9691dac0a64c7fd7@aw-fedramp-us1.iam.gserviceaccount.com",
            "member": "serviceAccount:wiz589ba918d1d9691dac0a64c7fd7@aw-fedramp-us1.iam.gserviceaccount.com",
            "project": "clgcporg127-p001",
            "role": "roles/iam.securityReviewer"
          },
          "sensitive_attributes": [],
          "identity_schema_version": 0,
          "private": "bnVsbA==",
          "dependencies": [
            "module.wiz.google_project_iam_custom_role.wiz_security_role",
            "module.wiz.google_project_service.required_apis",
            "module.wiz.google_service_account.wiz-service-account",
            "module.wiz.time_sleep.required_apis"
          ]
        },
        {
          "index_key": "serviceusage_serviceUsageViewer",
          "schema_version": 0,
          "attributes": {
            "condition": [],
            "etag": "BwZXxzRUbAs=",
            "id": "clgcporg127-p001/roles/serviceusage.serviceUsageViewer/serviceAccount:wiz589ba918d1d9691dac0a64c7fd7@aw-fedramp-us1.iam.gserviceaccount.com",
            "member": "serviceAccount:wiz589ba918d1d9691dac0a64c7fd7@aw-fedramp-us1.iam.gserviceaccount.com",
            "project": "clgcporg127-p001",
            "role": "roles/serviceusage.serviceUsageViewer"
          },
          "sensitive_attributes": [],
          "identity_schema_version": 0,
          "private": "bnVsbA==",
          "dependencies": [
            "module.wiz.google_project_iam_custom_role.wiz_security_role",
            "module.wiz.google_project_service.required_apis",
            "module.wiz.google_service_account.wiz-service-account",
            "module.wiz.time_sleep.required_apis"
          ]
        },
        {
          "index_key": "viewer",
          "schema_version": 0,
          "attributes": {
            "condition": [],
            "etag": "BwZXxzRUbAs=",
            "id": "clgcporg127-p001/roles/viewer/serviceAccount:wiz589ba918d1d9691dac0a64c7fd7@aw-fedramp-us1.iam.gserviceaccount.com",
            "member": "serviceAccount:wiz589ba918d1d9691dac0a64c7fd7@aw-fedramp-us1.iam.gserviceaccount.com",
            "project": "clgcporg127-p001",
            "role": "roles/viewer"
          },
          "sensitive_attributes": [],
          "identity_schema_version": 0,
          "private": "bnVsbA==",
          "dependencies": [
            "module.wiz.google_project_iam_custom_role.wiz_security_role",
            "module.wiz.google_project_service.required_apis",
            "module.wiz.google_service_account.wiz-service-account",
            "module.wiz.time_sleep.required_apis"
          ]
        },
        {
          "index_key": "wiz_security_role",
          "schema_version": 0,
          "attributes": {
            "condition": [],
            "etag": "BwZXxzRUbAs=",
            "id": "clgcporg127-p001/projects/clgcporg127-p001/roles/wiz_security_role/serviceAccount:wiz589ba918d1d9691dac0a64c7fd7@aw-fedramp-us1.iam.gserviceaccount.com",
            "member": "serviceAccount:wiz589ba918d1d9691dac0a64c7fd7@aw-fedramp-us1.iam.gserviceaccount.com",
            "project": "clgcporg127-p001",
            "role": "projects/clgcporg127-p001/roles/wiz_security_role"
          },
          "sensitive_attributes": [],
          "identity_schema_version": 0,
          "private": "bnVsbA==",
          "dependencies": [
            "module.wiz.google_project_iam_custom_role.wiz_security_role",
            "module.wiz.google_project_service.required_apis",
            "module.wiz.google_service_account.wiz-service-account",
            "module.wiz.time_sleep.required_apis"
          ]
        }
      ]
    },
    {
      "module": "module.wiz",
      "mode": "managed",
      "type": "google_project_iam_member",
      "name": "wiz_da_role",
      "provider": "provider[\"registry.terraform.io/hashicorp/google\"]",
      "instances": [
        {
          "schema_version": 0,
          "attributes": {
            "condition": [],
            "etag": "BwZXxzRUbAs=",
            "id": "clgcporg127-p001/projects/clgcporg127-p001/roles/wiz_security_role_disk_analysis_ext/serviceAccount:wiz589ba918d1d9691dac0a64c7fd7@aw-fedramp-us1.iam.gserviceaccount.com",
            "member": "serviceAccount:wiz589ba918d1d9691dac0a64c7fd7@aw-fedramp-us1.iam.gserviceaccount.com",
            "project": "clgcporg127-p001",
            "role": "projects/clgcporg127-p001/roles/wiz_security_role_disk_analysis_ext"
          },
          "sensitive_attributes": [],
          "identity_schema_version": 0,
          "private": "bnVsbA==",
          "dependencies": [
            "module.wiz.google_project_iam_custom_role.wiz_security_role_disk_analysis_ext",
            "module.wiz.google_project_service.required_apis",
            "module.wiz.google_service_account.wiz-service-account",
            "module.wiz.time_sleep.required_apis"
          ]
        }
      ]
    },
    {
      "module": "module.wiz",
      "mode": "managed",
      "type": "google_project_iam_member",
      "name": "wiz_security_role_shadow_data_bucket_ext_name",
      "provider": "provider[\"registry.terraform.io/hashicorp/google\"]",
      "instances": [
        {
          "index_key": 0,
          "schema_version": 0,
          "attributes": {
            "condition": [
              {
                "description": "Apply Shadow Data role permissions to only buckets starting with \"wiz-inv\"",
                "expression": "resource.name.startsWith(\"projects/_/buckets/wiz-inv\")",
                "title": "Wiz Limited Condition"
              }
            ],
            "etag": "BwZXxzRUbAs=",
            "id": "clgcporg127-p001/projects/clgcporg127-p001/roles/wiz_security_role_shadow_data_bucket_ext/serviceAccount:wiz589ba918d1d9691dac0a64c7fd7@aw-fedramp-us1.iam.gserviceaccount.com/Wiz Limited Condition/Apply Shadow Data role permissions to only buckets starting with \"wiz-inv\"/resource.name.startsWith(\"projects/_/buckets/wiz-inv\")",
            "member": "serviceAccount:wiz589ba918d1d9691dac0a64c7fd7@aw-fedramp-us1.iam.gserviceaccount.com",
            "project": "clgcporg127-p001",
            "role": "projects/clgcporg127-p001/roles/wiz_security_role_shadow_data_bucket_ext"
          },
          "sensitive_attributes": [],
          "identity_schema_version": 0,
          "private": "bnVsbA==",
          "dependencies": [
            "module.wiz.google_project_iam_custom_role.shadow_data",
            "module.wiz.google_project_service.required_apis",
            "module.wiz.google_service_account.wiz-service-account",
            "module.wiz.time_sleep.required_apis"
          ]
        }
      ]
    },
    {
      "module": "module.wiz",
      "mode": "managed",
      "type": "google_project_iam_member",
      "name": "wiz_security_role_shadow_data_ext",
      "provider": "provider[\"registry.terraform.io/hashicorp/google\"]",
      "instances": [
        {
          "index_key": 0,
          "schema_version": 0,
          "attributes": {
            "condition": [],
            "etag": "BwZXxzRUbAs=",
            "id": "clgcporg127-p001/projects/clgcporg127-p001/roles/wiz_security_role_shadow_data_ext/serviceAccount:wiz589ba918d1d9691dac0a64c7fd7@aw-fedramp-us1.iam.gserviceaccount.com",
            "member": "serviceAccount:wiz589ba918d1d9691dac0a64c7fd7@aw-fedramp-us1.iam.gserviceaccount.com",
            "project": "clgcporg127-p001",
            "role": "projects/clgcporg127-p001/roles/wiz_security_role_shadow_data_ext"
          },
          "sensitive_attributes": [],
          "identity_schema_version": 0,
          "private": "bnVsbA==",
          "dependencies": [
            "module.wiz.google_project_iam_custom_role.shadow_data",
            "module.wiz.google_project_service.required_apis",
            "module.wiz.google_service_account.wiz-service-account",
            "module.wiz.time_sleep.required_apis"
          ]
        }
      ]
    },
    {
      "module": "module.wiz",
      "mode": "managed",
      "type": "google_project_iam_member",
      "name": "wiz_security_role_shadow_data_service_agent_read_ext",
      "provider": "provider[\"registry.terraform.io/hashicorp/google\"]",
      "instances": [
        {
          "index_key": 0,
          "schema_version": 0,
          "attributes": {
            "condition": [],
            "etag": "BwZXxzRUbAs=",
            "id": "clgcporg127-p001/projects/clgcporg127-p001/roles/wiz_security_role_shadow_data_service_agent_read_ext/serviceAccount:service-485384084393@gcp-sa-storageinsights.iam.gserviceaccount.com",
            "member": "serviceAccount:service-485384084393@gcp-sa-storageinsights.iam.gserviceaccount.com",
            "project": "clgcporg127-p001",
            "role": "projects/clgcporg127-p001/roles/wiz_security_role_shadow_data_service_agent_read_ext"
          },
          "sensitive_attributes": [],
          "identity_schema_version": 0,
          "private": "bnVsbA==",
          "dependencies": [
            "module.wiz.google_project_iam_custom_role.shadow_data",
            "module.wiz.google_project_service.required_apis",
            "module.wiz.google_project_service_identity.default",
            "module.wiz.time_sleep.required_apis"
          ]
        }
      ]
    },
    {
      "module": "module.wiz",
      "mode": "managed",
      "type": "google_project_iam_member",
      "name": "wiz_security_role_shadow_data_service_agent_write_ext",
      "provider": "provider[\"registry.terraform.io/hashicorp/google\"]",
      "instances": [
        {
          "index_key": 0,
          "schema_version": 0,
          "attributes": {
            "condition": [
              {
                "description": "Apply Shadow Data role permissions to only buckets starting with \"wiz-inv\"",
                "expression": "resource.name.startsWith(\"projects/_/buckets/wiz-inv\")",
                "title": "Wiz Limited Condition"
              }
            ],
            "etag": "BwZXxzRUbAs=",
            "id": "clgcporg127-p001/projects/clgcporg127-p001/roles/wiz_security_role_shadow_data_service_agent_write_ext/serviceAccount:service-485384084393@gcp-sa-storageinsights.iam.gserviceaccount.com/Wiz Limited Condition/Apply Shadow Data role permissions to only buckets starting with \"wiz-inv\"/resource.name.startsWith(\"projects/_/buckets/wiz-inv\")",
            "member": "serviceAccount:service-485384084393@gcp-sa-storageinsights.iam.gserviceaccount.com",
            "project": "clgcporg127-p001",
            "role": "projects/clgcporg127-p001/roles/wiz_security_role_shadow_data_service_agent_write_ext"
          },
          "sensitive_attributes": [],
          "identity_schema_version": 0,
          "private": "bnVsbA==",
          "dependencies": [
            "module.wiz.google_project_iam_custom_role.shadow_data",
            "module.wiz.google_project_service.required_apis",
            "module.wiz.google_project_service_identity.default",
            "module.wiz.time_sleep.required_apis"
          ]
        }
      ]
    },
    {
      "module": "module.wiz",
      "mode": "managed",
      "type": "google_project_iam_member",
      "name": "wiz_worker_security_role_data_scanning_ext",
      "provider": "provider[\"registry.terraform.io/hashicorp/google\"]",
      "instances": [
        {
          "index_key": 0,
          "schema_version": 0,
          "attributes": {
            "condition": [],
            "etag": "BwZXxzRUbAs=",
            "id": "clgcporg127-p001/projects/clgcporg127-p001/roles/wiz_security_role_data_scanning_ext/serviceAccount:wiz589ba918d1d9691dac0a64c7fd7@aw-fedramp-us1.iam.gserviceaccount.com",
            "member": "serviceAccount:wiz589ba918d1d9691dac0a64c7fd7@aw-fedramp-us1.iam.gserviceaccount.com",
            "project": "clgcporg127-p001",
            "role": "projects/clgcporg127-p001/roles/wiz_security_role_data_scanning_ext"
          },
          "sensitive_attributes": [],
          "identity_schema_version": 0,
          "private": "bnVsbA==",
          "dependencies": [
            "module.wiz.google_project_iam_custom_role.wiz_security_role_data_scanning_ext",
            "module.wiz.google_project_service.required_apis",
            "module.wiz.google_service_account.wiz-service-account",
            "module.wiz.time_sleep.required_apis"
          ]
        }
      ]
    },
    {
      "module": "module.wiz",
      "mode": "managed",
      "type": "google_project_iam_member",
      "name": "wiz_worker_security_role_forensic_ext",
      "provider": "provider[\"registry.terraform.io/hashicorp/google\"]",
      "instances": [
        {
          "index_key": 0,
          "schema_version": 0,
          "attributes": {
            "condition": [
              {
                "description": "Apply Forensic role permissions to only snapshots ending with \"-wiz\"",
                "expression": "(resource.type == \"compute.googleapis.com/Snapshot\" \u0026\u0026 resource.name.endsWith(\"-wiz\")) || (resource.type == \"compute.googleapis.com/Disk\")",
                "title": "Wiz Limited Condition"
              }
            ],
            "etag": "BwZXxzRUbAs=",
            "id": "clgcporg127-p001/projects/clgcporg127-p001/roles/wiz_security_role_forensic_ext/serviceAccount:wiz589ba918d1d9691dac0a64c7fd7@aw-fedramp-us1.iam.gserviceaccount.com/Wiz Limited Condition/Apply Forensic role permissions to only snapshots ending with \"-wiz\"/(resource.type == \"compute.googleapis.com/Snapshot\" \u0026\u0026 resource.name.endsWith(\"-wiz\")) || (resource.type == \"compute.googleapis.com/Disk\")",
            "member": "serviceAccount:wiz589ba918d1d9691dac0a64c7fd7@aw-fedramp-us1.iam.gserviceaccount.com",
            "project": "clgcporg127-p001",
            "role": "projects/clgcporg127-p001/roles/wiz_security_role_forensic_ext"
          },
          "sensitive_attributes": [],
          "identity_schema_version": 0,
          "private": "bnVsbA==",
          "dependencies": [
            "module.wiz.google_project_iam_custom_role.wiz_security_role_forensic_ext",
            "module.wiz.google_project_service.required_apis",
            "module.wiz.google_service_account.wiz-service-account",
            "module.wiz.time_sleep.required_apis"
          ]
        }
      ]
    },
    {
      "module": "module.wiz",
      "mode": "managed",
      "type": "google_project_iam_member",
      "name": "wiz_worker_security_role_registry_scanning_ext",
      "provider": "provider[\"registry.terraform.io/hashicorp/google\"]",
      "instances": [
        {
          "schema_version": 0,
          "attributes": {
            "condition": [],
            "etag": "BwZXxzRUbAs=",
            "id": "clgcporg127-p001/projects/clgcporg127-p001/roles/wiz_security_role_registry_scanning_ext/serviceAccount:wiz589ba918d1d9691dac0a64c7fd7@aw-fedramp-us1.iam.gserviceaccount.com",
            "member": "serviceAccount:wiz589ba918d1d9691dac0a64c7fd7@aw-fedramp-us1.iam.gserviceaccount.com",
            "project": "clgcporg127-p001",
            "role": "projects/clgcporg127-p001/roles/wiz_security_role_registry_scanning_ext"
          },
          "sensitive_attributes": [],
          "identity_schema_version": 0,
          "private": "bnVsbA==",
          "dependencies": [
            "module.wiz.google_project_iam_custom_role.wiz_security_role_registry_scanning_ext",
            "module.wiz.google_project_service.required_apis",
            "module.wiz.google_service_account.wiz-service-account",
            "module.wiz.time_sleep.required_apis"
          ]
        }
      ]
    },
    {
      "module": "module.wiz",
      "mode": "managed",
      "type": "google_project_iam_member",
      "name": "wiz_worker_security_role_serverless_scanning_ext",
      "provider": "provider[\"registry.terraform.io/hashicorp/google\"]",
      "instances": [
        {
          "index_key": 0,
          "schema_version": 0,
          "attributes": {
            "condition": [],
            "etag": "BwZXxzRUbAs=",
            "id": "clgcporg127-p001/projects/clgcporg127-p001/roles/wiz_security_role_serverless_scanning_ext/serviceAccount:wiz589ba918d1d9691dac0a64c7fd7@aw-fedramp-us1.iam.gserviceaccount.com",
            "member": "serviceAccount:wiz589ba918d1d9691dac0a64c7fd7@aw-fedramp-us1.iam.gserviceaccount.com",
            "project": "clgcporg127-p001",
            "role": "projects/clgcporg127-p001/roles/wiz_security_role_serverless_scanning_ext"
          },
          "sensitive_attributes": [],
          "identity_schema_version": 0,
          "private": "bnVsbA==",
          "dependencies": [
            "module.wiz.google_project_iam_custom_role.wiz_security_role_serverless_scanning_ext",
            "module.wiz.google_project_service.required_apis",
            "module.wiz.google_service_account.wiz-service-account",
            "module.wiz.time_sleep.required_apis"
          ]
        }
      ]
    },
    {
      "module": "module.wiz",
      "mode": "managed",
      "type": "google_project_iam_member",
      "name": "wiz_worker_security_role_terraform_bucket_scanning_ext",
      "provider": "provider[\"registry.terraform.io/hashicorp/google\"]",
      "instances": [
        {
          "index_key": 0,
          "schema_version": 0,
          "attributes": {
            "condition": [
              {
                "description": "Allow list on buckets; allow get on objects ending with .tfstate",
                "expression": "(resource.type == \"storage.googleapis.com/Bucket\") || (resource.type == \"storage.googleapis.com/Object\" \u0026\u0026 resource.name.endsWith(\".tfstate\"))",
                "title": "Wiz Terraform tfstate only"
              }
            ],
            "etag": "BwZXxzRUbAs=",
            "id": "clgcporg127-p001/projects/clgcporg127-p001/roles/wiz_security_role_terraform_scanning_ext/serviceAccount:wiz589ba918d1d9691dac0a64c7fd7@aw-fedramp-us1.iam.gserviceaccount.com/Wiz Terraform tfstate only/Allow list on buckets; allow get on objects ending with .tfstate/(resource.type == \"storage.googleapis.com/Bucket\") || (resource.type == \"storage.googleapis.com/Object\" \u0026\u0026 resource.name.endsWith(\".tfstate\"))",
            "member": "serviceAccount:wiz589ba918d1d9691dac0a64c7fd7@aw-fedramp-us1.iam.gserviceaccount.com",
            "project": "clgcporg127-p001",
            "role": "projects/clgcporg127-p001/roles/wiz_security_role_terraform_scanning_ext"
          },
          "sensitive_attributes": [],
          "identity_schema_version": 0,
          "private": "bnVsbA==",
          "dependencies": [
            "module.wiz.google_project_iam_custom_role.wiz_security_role_terraform_bucket_scanning_ext",
            "module.wiz.google_project_service.required_apis",
            "module.wiz.google_service_account.wiz-service-account",
            "module.wiz.time_sleep.required_apis"
          ]
        }
      ]
    },
    {
      "module": "module.wiz",
      "mode": "managed",
      "type": "google_project_service_identity",
      "name": "default",
      "provider": "provider[\"registry.terraform.io/hashicorp/google-beta\"]",
      "instances": [
        {
          "index_key": 0,
          "schema_version": 0,
          "attributes": {
            "email": "service-485384084393@gcp-sa-storageinsights.iam.gserviceaccount.com",
            "id": "projects/clgcporg127-p001/services/storageinsights.googleapis.com",
            "member": "serviceAccount:service-485384084393@gcp-sa-storageinsights.iam.gserviceaccount.com",
            "project": "clgcporg127-p001",
            "service": "storageinsights.googleapis.com",
            "timeouts": null
          },
          "sensitive_attributes": [],
          "identity_schema_version": 0,
          "private": "eyJlMmJmYjczMC1lY2FhLTExZTYtOGY4OC0zNDM2M2JjN2M0YzAiOnsiY3JlYXRlIjoxMjAwMDAwMDAwMDAwLCJkZWxldGUiOjEyMDAwMDAwMDAwMDAsInJlYWQiOjYwMDAwMDAwMDAwMH19"
        }
      ]
    },
    {
      "module": "module.wiz_cloud_events",
      "mode": "managed",
      "type": "google_logging_project_sink",
      "name": "wiz_audit_logs",
      "provider": "provider[\"registry.terraform.io/hashicorp/google\"]",
      "instances": [
        {
          "index_key": 0,
          "schema_version": 0,
          "attributes": {
            "bigquery_options": [],
            "custom_writer_identity": null,
            "description": "Send project scope audit logs to a Pub/Sub for export to Wiz",
            "destination": "pubsub.googleapis.com/projects/clgcporg127-p001/topics/wiz-export-audit-logs",
            "disabled": false,
            "exclusions": [
              {
                "description": "",
                "disabled": false,
                "filter": "protoPayload.methodName!~\"^io\\.k8s\\..*\\.(approve|bind|create|delete|deletecollection|escalate|impersonate|patch|post|proxy|put|sign|update|get|list)$\" AND protoPayload.methodName!~\"^io\\.k8s\\..*secrets\\.watch$\" AND resource.type=\"k8s_cluster\"\n",
                "name": "exclude-non-interesting-events"
              },
              {
                "description": "",
                "disabled": false,
                "filter": "protoPayload.authenticationInfo.principalEmail=~\"^system\\:\" AND protoPayload.authenticationInfo.principalEmail!=\"system\\:anonymous\" AND protoPayload.authenticationInfo.principalEmail!~\"^system\\:serviceaccount\"\n",
                "name": "exclude-control-plane-1"
              },
              {
                "description": "",
                "disabled": false,
                "filter": "((protoPayload.authenticationInfo.principalEmail=\"system\\:serviceaccount\\:kube-system\\:namespace-controller\" AND protoPayload.methodName=~\"^io\\..*\\.deletecollection$\") OR (protoPayload.authenticationInfo.principalEmail=\"system\\:serviceaccount\\:kube-system\\:generic-garbage-collector\" AND protoPayload.methodName=~\"^io\\..*\\.delete$\")) AND resource.type=\"k8s_cluster\"\n",
                "name": "exclude-control-plane-2"
              },
              {
                "description": "",
                "disabled": false,
                "filter": "protoPayload.authenticationInfo.principalEmail=~\".*(-operator|\\:operator|\\:rancher|\\:cert-manager-cainjector|\\:prometheus-server|\\:domino-platform|\\:custom-metrics-stackdriver-adapter|\\:composer-system|\\:observe-metrics|\\:rbac-manager)$\"\n",
                "name": "exclude-non-interesting-principals"
              },
              {
                "description": "",
                "disabled": false,
                "filter": "(protoPayload.methodName=~\"^io\\.k8s\\..*(leases|selfsubjectrulesreviews|subjectaccessreviews|tokenreviews|selfsubjectaccessreviews).*\" OR protoPayload.methodName=~\"^io\\.k8s\\..*\\.events\\.patch$\" OR protoPayload.methodName=~\"^io\\.k8s\\..*\\.services\\.proxy\\..*\" OR protoPayload.methodName=~\"^io\\.k8s\\..*\\.status\\.(patch|update)$\") AND resource.type=\"k8s_cluster\"\n",
                "name": "exclude-non-interesting-resources"
              },
              {
                "description": "",
                "disabled": false,
                "filter": "protoPayload.authorizationInfo.permissionType=~\"(DATA_READ|DATA_WRITE)\" AND protoPayload.serviceName=~\"(bigtable.googleapis.com|spanner.googleapis.com|monitoring.googleapis.com|dataproc.googleapis.com)\"\n",
                "name": "exclude-noisy-data-events-services"
              }
            ],
            "filter": "log_id(\"cloudaudit.googleapis.com/activity\") OR protoPayload.serviceName=\"k8s.io\" OR log_id(\"cloudaudit.googleapis.com/data_access\")",
            "id": "projects/clgcporg127-p001/sinks/wiz-audit-logs-sink-0d849b30",
            "name": "wiz-audit-logs-sink-0d849b30",
            "project": "clgcporg127-p001",
            "unique_writer_identity": true,
            "writer_identity": "serviceAccount:service-485384084393@gcp-sa-logging.iam.gserviceaccount.com"
          },
          "sensitive_attributes": [],
          "identity_schema_version": 0,
          "private": "bnVsbA==",
          "dependencies": [
            "module.wiz_cloud_events.data.google_project.selected",
            "module.wiz_cloud_events.google_project_service.required_apis",
            "module.wiz_cloud_events.google_pubsub_topic.wiz_audit_logs",
            "module.wiz_cloud_events.random_id.uniq",
            "module.wiz_cloud_events.time_sleep.required_apis"
          ]
        }
      ]
    },
    {
      "module": "module.wiz_cloud_events",
      "mode": "managed",
      "type": "google_project_service",
      "name": "required_apis",
      "provider": "provider[\"registry.terraform.io/hashicorp/google\"]",
      "instances": [
        {
          "index_key": "cloudresourcemanager",
          "schema_version": 0,
          "attributes": {
            "disable_dependent_services": null,
            "disable_on_destroy": false,
            "id": "clgcporg127-p001/cloudresourcemanager.googleapis.com",
            "project": "clgcporg127-p001",
            "service": "cloudresourcemanager.googleapis.com",
            "timeouts": null
          },
          "sensitive_attributes": [],
          "identity_schema_version": 0,
          "private": "eyJlMmJmYjczMC1lY2FhLTExZTYtOGY4OC0zNDM2M2JjN2M0YzAiOnsiY3JlYXRlIjoxMjAwMDAwMDAwMDAwLCJkZWxldGUiOjEyMDAwMDAwMDAwMDAsInJlYWQiOjYwMDAwMDAwMDAwMCwidXBkYXRlIjoxMjAwMDAwMDAwMDAwfX0=",
          "dependencies": [
            "module.wiz_cloud_events.data.google_project.selected"
          ]
        },
        {
          "index_key": "iam",
          "schema_version": 0,
          "attributes": {
            "disable_dependent_services": null,
            "disable_on_destroy": false,
            "id": "clgcporg127-p001/iam.googleapis.com",
            "project": "clgcporg127-p001",
            "service": "iam.googleapis.com",
            "timeouts": null
          },
          "sensitive_attributes": [],
          "identity_schema_version": 0,
          "private": "eyJlMmJmYjczMC1lY2FhLTExZTYtOGY4OC0zNDM2M2JjN2M0YzAiOnsiY3JlYXRlIjoxMjAwMDAwMDAwMDAwLCJkZWxldGUiOjEyMDAwMDAwMDAwMDAsInJlYWQiOjYwMDAwMDAwMDAwMCwidXBkYXRlIjoxMjAwMDAwMDAwMDAwfX0=",
          "dependencies": [
            "module.wiz_cloud_events.data.google_project.selected"
          ]
        },
        {
          "index_key": "pubsub",
          "schema_version": 0,
          "attributes": {
            "disable_dependent_services": null,
            "disable_on_destroy": false,
            "id": "clgcporg127-p001/pubsub.googleapis.com",
            "project": "clgcporg127-p001",
            "service": "pubsub.googleapis.com",
            "timeouts": null
          },
          "sensitive_attributes": [],
          "identity_schema_version": 0,
          "private": "eyJlMmJmYjczMC1lY2FhLTExZTYtOGY4OC0zNDM2M2JjN2M0YzAiOnsiY3JlYXRlIjoxMjAwMDAwMDAwMDAwLCJkZWxldGUiOjEyMDAwMDAwMDAwMDAsInJlYWQiOjYwMDAwMDAwMDAwMCwidXBkYXRlIjoxMjAwMDAwMDAwMDAwfX0=",
          "dependencies": [
            "module.wiz_cloud_events.data.google_project.selected"
          ]
        },
        {
          "index_key": "serviceusage",
          "schema_version": 0,
          "attributes": {
            "disable_dependent_services": null,
            "disable_on_destroy": false,
            "id": "clgcporg127-p001/serviceusage.googleapis.com",
            "project": "clgcporg127-p001",
            "service": "serviceusage.googleapis.com",
            "timeouts": null
          },
          "sensitive_attributes": [],
          "identity_schema_version": 0,
          "private": "eyJlMmJmYjczMC1lY2FhLTExZTYtOGY4OC0zNDM2M2JjN2M0YzAiOnsiY3JlYXRlIjoxMjAwMDAwMDAwMDAwLCJkZWxldGUiOjEyMDAwMDAwMDAwMDAsInJlYWQiOjYwMDAwMDAwMDAwMCwidXBkYXRlIjoxMjAwMDAwMDAwMDAwfX0=",
          "dependencies": [
            "module.wiz_cloud_events.data.google_project.selected"
          ]
        }
      ]
    },
    {
      "module": "module.wiz_cloud_events",
      "mode": "managed",
      "type": "google_pubsub_subscription",
      "name": "wiz_audit_logs",
      "provider": "provider[\"registry.terraform.io/hashicorp/google\"]",
      "instances": [
        {
          "schema_version": 0,
          "attributes": {
            "ack_deadline_seconds": 10,
            "bigquery_config": [],
            "cloud_storage_config": [],
            "dead_letter_policy": [],
            "effective_labels": {},
            "enable_exactly_once_delivery": false,
            "enable_message_ordering": false,
            "expiration_policy": [
              {
                "ttl": ""
              }
            ],
            "filter": "",
            "id": "projects/clgcporg127-p001/subscriptions/wiz-export-audit-logs-sub",
            "labels": {},
            "message_retention_duration": "86400s",
            "name": "wiz-export-audit-logs-sub",
            "project": "clgcporg127-p001",
            "push_config": [],
            "retain_acked_messages": false,
            "retry_policy": [],
            "terraform_labels": {},
            "timeouts": null,
            "topic": "projects/clgcporg127-p001/topics/wiz-export-audit-logs"
          },
          "sensitive_attributes": [],
          "identity_schema_version": 0,
          "private": "eyJlMmJmYjczMC1lY2FhLTExZTYtOGY4OC0zNDM2M2JjN2M0YzAiOnsiY3JlYXRlIjoxMjAwMDAwMDAwMDAwLCJkZWxldGUiOjEyMDAwMDAwMDAwMDAsInVwZGF0ZSI6MTIwMDAwMDAwMDAwMH19",
          "dependencies": [
            "module.wiz_cloud_events.data.google_project.selected",
            "module.wiz_cloud_events.google_project_service.required_apis",
            "module.wiz_cloud_events.google_pubsub_topic.wiz_audit_logs",
            "module.wiz_cloud_events.time_sleep.required_apis"
          ]
        }
      ]
    },
    {
      "module": "module.wiz_cloud_events",
      "mode": "managed",
      "type": "google_pubsub_subscription_iam_binding",
      "name": "wiz_audit_logs",
      "provider": "provider[\"registry.terraform.io/hashicorp/google\"]",
      "instances": [
        {
          "index_key": 0,
          "schema_version": 0,
          "attributes": {
            "condition": [],
            "etag": "BwZXx1GSSbQ=",
            "id": "projects/clgcporg127-p001/subscriptions/wiz-export-audit-logs-sub/roles/pubsub.subscriber",
            "members": [
              "serviceAccount:485384084393-compute@developer.gserviceaccount.com"
            ],
            "project": "clgcporg127-p001",
            "role": "roles/pubsub.subscriber",
            "subscription": "wiz-export-audit-logs-sub"
          },
          "sensitive_attributes": [],
          "identity_schema_version": 0,
          "private": "bnVsbA==",
          "dependencies": [
            "module.wiz_cloud_events.data.google_project.selected",
            "module.wiz_cloud_events.google_project_service.required_apis",
            "module.wiz_cloud_events.google_pubsub_subscription.wiz_audit_logs",
            "module.wiz_cloud_events.google_pubsub_topic.wiz_audit_logs",
            "module.wiz_cloud_events.time_sleep.required_apis"
          ]
        }
      ]
    },
    {
      "module": "module.wiz_cloud_events",
      "mode": "managed",
      "type": "google_pubsub_topic",
      "name": "wiz_audit_logs",
      "provider": "provider[\"registry.terraform.io/hashicorp/google\"]",
      "instances": [
        {
          "schema_version": 0,
          "attributes": {
            "effective_labels": {},
            "id": "projects/clgcporg127-p001/topics/wiz-export-audit-logs",
            "ingestion_data_source_settings": [],
            "kms_key_name": "",
            "labels": {},
            "message_retention_duration": "86400s",
            "message_storage_policy": [
              {
                "allowed_persistence_regions": [
                  "asia-northeast1",
                  "australia-southeast1",
                  "europe-west1",
                  "me-west1",
                  "us-central1",
                  "us-central2",
                  "us-east1",
                  "us-east4",
                  "us-east5",
                  "us-south1",
                  "us-west1",
                  "us-west2",
                  "us-west3",
                  "us-west4",
                  "us-west8"
                ]
              }
            ],
            "name": "wiz-export-audit-logs",
            "project": "clgcporg127-p001",
            "schema_settings": [],
            "terraform_labels": {},
            "timeouts": null
          },
          "sensitive_attributes": [],
          "identity_schema_version": 0,
          "private": "eyJlMmJmYjczMC1lY2FhLTExZTYtOGY4OC0zNDM2M2JjN2M0YzAiOnsiY3JlYXRlIjoxMjAwMDAwMDAwMDAwLCJkZWxldGUiOjEyMDAwMDAwMDAwMDAsInVwZGF0ZSI6MTIwMDAwMDAwMDAwMH19",
          "dependencies": [
            "module.wiz_cloud_events.data.google_project.selected",
            "module.wiz_cloud_events.google_project_service.required_apis",
            "module.wiz_cloud_events.time_sleep.required_apis"
          ]
        }
      ]
    },
    {
      "module": "module.wiz_cloud_events",
      "mode": "managed",
      "type": "google_pubsub_topic_iam_binding",
      "name": "wiz_audit_logs",
      "provider": "provider[\"registry.terraform.io/hashicorp/google\"]",
      "instances": [
        {
          "index_key": 0,
          "schema_version": 0,
          "attributes": {
            "condition": [],
            "etag": "BwZXxzRg+8M=",
            "id": "projects/clgcporg127-p001/topics/wiz-export-audit-logs/roles/pubsub.publisher",
            "members": [
              "serviceAccount:service-485384084393@gcp-sa-logging.iam.gserviceaccount.com"
            ],
            "project": "clgcporg127-p001",
            "role": "roles/pubsub.publisher",
            "topic": "projects/clgcporg127-p001/topics/wiz-export-audit-logs"
          },
          "sensitive_attributes": [],
          "identity_schema_version": 0,
          "private": "bnVsbA==",
          "dependencies": [
            "module.wiz_cloud_events.data.google_project.selected",
            "module.wiz_cloud_events.google_logging_folder_sink.wiz_audit_logs",
            "module.wiz_cloud_events.google_logging_organization_sink.wiz_audit_logs",
            "module.wiz_cloud_events.google_logging_project_sink.wiz_audit_logs",
            "module.wiz_cloud_events.google_project_service.required_apis",
            "module.wiz_cloud_events.google_pubsub_topic.wiz_audit_logs",
            "module.wiz_cloud_events.random_id.uniq",
            "module.wiz_cloud_events.time_sleep.required_apis"
          ]
        }
      ]
    },
    {
      "module": "module.wiz_cloud_events",
      "mode": "managed",
      "type": "random_id",
      "name": "uniq",
      "provider": "provider[\"registry.terraform.io/hashicorp/random\"]",
      "instances": [
        {
          "schema_version": 0,
          "attributes": {
            "b64_std": "DYSbMA==",
            "b64_url": "DYSbMA",
            "byte_length": 4,
            "dec": "226794288",
            "hex": "0d849b30",
            "id": "DYSbMA",
            "keepers": null,
            "prefix": null
          },
          "sensitive_attributes": [],
          "identity_schema_version": 0
        }
      ]
    },
    {
      "module": "module.wiz_cloud_events",
      "mode": "managed",
      "type": "time_sleep",
      "name": "required_apis",
      "provider": "provider[\"registry.terraform.io/hashicorp/time\"]",
      "instances": [
        {
          "schema_version": 0,
          "attributes": {
            "create_duration": "10s",
            "destroy_duration": null,
            "id": "2026-07-29T22:09:02Z",
            "triggers": null
          },
          "sensitive_attributes": [],
          "identity_schema_version": 0,
          "dependencies": [
            "module.wiz_cloud_events.data.google_project.selected",
            "module.wiz_cloud_events.google_project_service.required_apis"
          ]
        }
      ]
    }
  ],
  "check_results": [
    {
      "object_kind": "var",
      "config_addr": "module.wiz_cloud_events.var.integration_type",
      "status": "pass",
      "objects": [
        {
          "object_addr": "module.wiz_cloud_events.var.integration_type",
          "status": "pass"
        }
      ]
    },
    {
      "object_kind": "resource",
      "config_addr": "module.wiz_cloud_events.random_id.uniq",
      "status": "pass",
      "objects": [
        {
          "object_addr": "module.wiz_cloud_events.random_id.uniq",
          "status": "pass"
        }
      ]
    },
    {
      "object_kind": "var",
      "config_addr": "module.wiz_cloud_events.var.iam_policy_type",
      "status": "pass",
      "objects": [
        {
          "object_addr": "module.wiz_cloud_events.var.iam_policy_type",
          "status": "pass"
        }
      ]
    },
    {
      "object_kind": "var",
      "config_addr": "module.wiz.module.wiz_gcp_cloud_events.var.integration_type",
      "status": "pass",
      "objects": null
    },
    {
      "object_kind": "var",
      "config_addr": "module.wiz.var.cloud_events_iam_policy_type",
      "status": "pass",
      "objects": [
        {
          "object_addr": "module.wiz.var.cloud_events_iam_policy_type",
          "status": "pass"
        }
      ]
    },
    {
      "object_kind": "var",
      "config_addr": "module.wiz.module.wiz_gcp_cloud_events.var.iam_policy_type",
      "status": "pass",
      "objects": null
    },
    {
      "object_kind": "var",
      "config_addr": "module.wiz_cloud_events.var.project_id",
      "status": "pass",
      "objects": [
        {
          "object_addr": "module.wiz_cloud_events.var.project_id",
          "status": "pass"
        }
      ]
    },
    {
      "object_kind": "resource",
      "config_addr": "module.wiz.module.wiz_gcp_cloud_events.random_id.uniq",
      "status": "pass",
      "objects": null
    },
    {
      "object_kind": "var",
      "config_addr": "module.wiz.module.wiz_gcp_cloud_events.var.project_id",
      "status": "pass",
      "objects": null
    }
  ]
}
